
Microsoft Visual Studio Solution File, Format Version 12.00
# Visual Studio Version 17
VisualStudioVersion = 17.7.34221.43
MinimumVisualStudioVersion = 10.0.40219.1
Project("{8BC9CEB8-8B4A-11D0-8D11-00A0C91BC942}") = "ConsoleApplication28", "ConsoleApplication28\ConsoleApplication28.vcxproj", "{D58206E3-41B6-4A5C-8308-D0229253FF25}"
EndProject
Global
	GlobalSection(SolutionConfigurationPlatforms) = preSolution
		Debug|x64 = Debug|x64
		Debug|x86 = Debug|x86
		Release|x64 = Release|x64
		Release|x86 = Release|x86
	EndGlobalSection
	GlobalSection(ProjectConfigurationPlatforms) = postSolution
		{D58206E3-41B6-4A5C-8308-D0229253FF25}.Debug|x64.ActiveCfg = Debug|x64
		{D58206E3-41B6-4A5C-8308-D0229253FF25}.Debug|x64.Build.0 = Debug|x64
		{D58206E3-41B6-4A5C-8308-D0229253FF25}.Debug|x86.ActiveCfg = Debug|Win32
		{D58206E3-41B6-4A5C-8308-D0229253FF25}.Debug|x86.Build.0 = Debug|Win32
		{D58206E3-41B6-4A5C-8308-D0229253FF25}.Release|x64.ActiveCfg = Release|x64
		{D58206E3-41B6-4A5C-8308-D0229253FF25}.Release|x64.Build.0 = Release|x64
		{D58206E3-41B6-4A5C-8308-D0229253FF25}.Release|x86.ActiveCfg = Release|Win32
		{D58206E3-41B6-4A5C-8308-D0229253FF25}.Release|x86.Build.0 = Release|Win32
	EndGlobalSection
	GlobalSection(SolutionProperties) = preSolution
		HideSolutionNode = FALSE
	EndGlobalSection
	GlobalSection(ExtensibilityGlobals) = postSolution
		SolutionGuid = {7C9F77A6-E5E1-4D58-8665-01166A75B1DC}
	EndGlobalSection
EndGlobal
